PODS:
  - LHDropDownTextField (0.3.4)

DEPENDENCIES:
  - LHDropDownTextField (from `../`)

EXTERNAL SOURCES:
  LHDropDownTextField:
    :path: ../

SPEC CHECKSUMS:
  LHDropDownTextField: 59a46e2ab64b91cf7ea5fd9dc89b9ee12dea2be9

PODFILE CHECKSUM: 379a6fd023f185c2892747bccb5d961812db90e4

COCOAPODS: 1.2.1
