PODS:
  - LHDropDownTextField (0.3.3)

DEPENDENCIES:
  - LHDropDownTextField (from `../`)

EXTERNAL SOURCES:
  LHDropDownTextField:
    :path: ../

SPEC CHECKSUMS:
  LHDropDownTextField: 0aa1a9f119863f5c090e7111d2f03ce0dc960676

PODFILE CHECKSUM: 1cb1a22978aad5eac83f59368cc6e98310efa006

COCOAPODS: 1.2.1
